
Microsoft Visual Studio Solution File, Format Version 12.00
# Visual Studio Version 16
VisualStudioVersion = 16.0.32901.82
MinimumVisualStudioVersion = 10.0.40219.1
Project("{FAE04EC0-301F-11D3-BF4B-00C04F79EFBC}") = "PomodoroTracker", "PomodoroTracker\PomodoroTracker.csproj", "{959BB8A2-51CF-4676-9882-27044609A66A}"
EndProject
Global
	GlobalSection(SolutionConfigurationPlatforms) = preSolution
		Debug|Any CPU = Debug|Any CPU
		Release|Any CPU = Release|Any CPU
	EndGlobalSection
	GlobalSection(ProjectConfigurationPlatforms) = postSolution
		{959BB8A2-51CF-4676-9882-27044609A66A}.Debug|Any CPU.ActiveCfg = Debug|Any CPU
		{959BB8A2-51CF-4676-9882-27044609A66A}.Debug|Any CPU.Build.0 = Debug|Any CPU
		{959BB8A2-51CF-4676-9882-27044609A66A}.Release|Any CPU.ActiveCfg = Release|Any CPU
		{959BB8A2-51CF-4676-9882-27044609A66A}.Release|Any CPU.Build.0 = Release|Any CPU
	EndGlobalSection
	GlobalSection(SolutionProperties) = preSolution
		HideSolutionNode = FALSE
	EndGlobalSection
	GlobalSection(ExtensibilityGlobals) = postSolution
		SolutionGuid = {E9FF5AAC-CA16-4835-B418-69E1F8CAAEA4}
	EndGlobalSection
EndGlobal
